
Microsoft Visual Studio Solution File, Format Version 12.00
# Visual Studio Version 16
VisualStudioVersion = 16.0.29613.14
MinimumVisualStudioVersion = 10.0.40219.1
Project("{9A19103F-16F7-4668-BE54-9A1E7A4F7556}") = "MMCApi", "MMCApi\MMCApi.csproj", "{54B76EA5-85E6-4C32-ACCA-305A10DE49D5}"
EndProject
Project("{9A19103F-16F7-4668-BE54-9A1E7A4F7556}") = "MMCBoatWebApp", "MMCBoatWebApp\MMCBoatWebApp.csproj", "{7752FD1F-D9BA-48B7-9118-419D5724EB97}"
EndProject
Project("{FAE04EC0-301F-11D3-BF4B-00C04F79EFBC}") = "XUnitTestProject1", "Test\XUnitTestProject1\XUnitTestProject1.csproj", "{74E6ED40-DFCD-4E8F-BCE2-F7A9F6EBB409}"
EndProject
Global
	GlobalSection(SolutionConfigurationPlatforms) = preSolution
		Debug|Any CPU = Debug|Any CPU
		Release|Any CPU = Release|Any CPU
	EndGlobalSection
	GlobalSection(ProjectConfigurationPlatforms) = postSolution
		{54B76EA5-85E6-4C32-ACCA-305A10DE49D5}.Debug|Any CPU.ActiveCfg = Debug|Any CPU
		{54B76EA5-85E6-4C32-ACCA-305A10DE49D5}.Debug|Any CPU.Build.0 = Debug|Any CPU
		{54B76EA5-85E6-4C32-ACCA-305A10DE49D5}.Release|Any CPU.ActiveCfg = Release|Any CPU
		{54B76EA5-85E6-4C32-ACCA-305A10DE49D5}.Release|Any CPU.Build.0 = Release|Any CPU
		{7752FD1F-D9BA-48B7-9118-419D5724EB97}.Debug|Any CPU.ActiveCfg = Debug|Any CPU
		{7752FD1F-D9BA-48B7-9118-419D5724EB97}.Debug|Any CPU.Build.0 = Debug|Any CPU
		{7752FD1F-D9BA-48B7-9118-419D5724EB97}.Release|Any CPU.ActiveCfg = Release|Any CPU
		{7752FD1F-D9BA-48B7-9118-419D5724EB97}.Release|Any CPU.Build.0 = Release|Any CPU
		{74E6ED40-DFCD-4E8F-BCE2-F7A9F6EBB409}.Debug|Any CPU.ActiveCfg = Debug|Any CPU
		{74E6ED40-DFCD-4E8F-BCE2-F7A9F6EBB409}.Debug|Any CPU.Build.0 = Debug|Any CPU
		{74E6ED40-DFCD-4E8F-BCE2-F7A9F6EBB409}.Release|Any CPU.ActiveCfg = Release|Any CPU
		{74E6ED40-DFCD-4E8F-BCE2-F7A9F6EBB409}.Release|Any CPU.Build.0 = Release|Any CPU
	EndGlobalSection
	GlobalSection(SolutionProperties) = preSolution
		HideSolutionNode = FALSE
	EndGlobalSection
	GlobalSection(ExtensibilityGlobals) = postSolution
		SolutionGuid = {915440B8-B175-4EA5-98CE-6C067BA471FF}
	EndGlobalSection
EndGlobal
